{
    "_readme": [
        "This file locks the dependencies of your project to a known state",
        "Read more about it at https://getcomposer.org/doc/01-basic-usage.md#installing-dependencies",
        "This file is @generated automatically"
    ],
    "content-hash": "1e0825b9b5ec5781c08396a8c09bcc9d",
    "packages": [
        {
            "name": "midtrans/midtrans-php",
            "version": "2.3.0",
            "source": {
                "type": "git",
                "url": "https://github.com/Midtrans/midtrans-php.git",
                "reference": "90896f2e2de40619533c8c9d4fd370f970eb3d5b"
            },
            "dist": {
                "type": "zip",
                "url": "https://api.github.com/repos/Midtrans/midtrans-php/zipball/90896f2e2de40619533c8c9d4fd370f970eb3d5b",
                "reference": "90896f2e2de40619533c8c9d4fd370f970eb3d5b",
                "shasum": ""
            },
            "require": {
                "php": ">=5.4"
            },
            "require-dev": {
                "phpunit/phpunit": "5.7.*",
                "psy/psysh": "0.4.*"
            },
            "type": "library",
            "autoload": {
                "psr-4": {
                    "Midtrans\\": "Midtrans/"
                }
            },
            "notification-url": "https://packagist.org/downloads/",
            "license": [
                "GPL-3.0"
            ],
            "authors": [
                {
                    "name": "Andri Setiawan",
                    "email": "andri.setiawan@veritrans.co.id"
                },
                {
                    "name": "Alvin Litani",
                    "email": "alvin.litani@veritrans.co.id"
                },
                {
                    "name": "Ismail Faruqi",
                    "email": "ismail.faruqi@veritrans.co.id"
                }
            ],
            "description": "PHP Wrapper for Midtrans Payment API.",
            "homepage": "https://midtrans.com",
            "time": "2020-06-15T07:56:12+00:00"
        },
        {
            "name": "phpmailer/phpmailer",
            "version": "v6.5.0",
            "source": {
                "type": "git",
                "url": "https://github.com/PHPMailer/PHPMailer.git",
                "reference": "a5b5c43e50b7fba655f793ad27303cd74c57363c"
            },
            "dist": {
                "type": "zip",
                "url": "https://api.github.com/repos/PHPMailer/PHPMailer/zipball/a5b5c43e50b7fba655f793ad27303cd74c57363c",
                "reference": "a5b5c43e50b7fba655f793ad27303cd74c57363c",
                "shasum": ""
            },
            "require": {
                "ext-ctype": "*",
                "ext-filter": "*",
                "ext-hash": "*",
                "php": ">=5.5.0"
            },
            "require-dev": {
                "dealerdirect/phpcodesniffer-composer-installer": "^0.7.0",
                "doctrine/annotations": "^1.2",
                "phpcompatibility/php-compatibility": "^9.3.5",
                "roave/security-advisories": "dev-latest",
                "squizlabs/php_codesniffer": "^3.5.6",
                "yoast/phpunit-polyfills": "^0.2.0"
            },
            "suggest": {
                "ext-mbstring": "Needed to send email in multibyte encoding charset or decode encoded addresses",
                "hayageek/oauth2-yahoo": "Needed for Yahoo XOAUTH2 authentication",
                "league/oauth2-google": "Needed for Google XOAUTH2 authentication",
                "psr/log": "For optional PSR-3 debug logging",
                "stevenmaguire/oauth2-microsoft": "Needed for Microsoft XOAUTH2 authentication",
                "symfony/polyfill-mbstring": "To support UTF-8 if the Mbstring PHP extension is not enabled (^1.2)"
            },
            "type": "library",
            "autoload": {
                "psr-4": {
                    "PHPMailer\\PHPMailer\\": "src/"
                }
            },
            "notification-url": "https://packagist.org/downloads/",
            "license": [
                "LGPL-2.1-only"
            ],
            "authors": [
                {
                    "name": "Marcus Bointon",
                    "email": "phpmailer@synchromedia.co.uk"
                },
                {
                    "name": "Jim Jagielski",
                    "email": "jimjag@gmail.com"
                },
                {
                    "name": "Andy Prevost",
                    "email": "codeworxtech@users.sourceforge.net"
                },
                {
                    "name": "Brent R. Matzelle"
                }
            ],
            "description": "PHPMailer is a full-featured email creation and transfer class for PHP",
            "funding": [
                {
                    "url": "https://github.com/Synchro",
                    "type": "github"
                }
            ],
            "time": "2021-06-16T14:33:43+00:00"
        }
    ],
    "packages-dev": [],
    "aliases": [],
    "minimum-stability": "stable",
    "stability-flags": [],
    "prefer-stable": false,
    "prefer-lowest": false,
    "platform": [],
    "platform-dev": [],
    "plugin-api-version": "1.1.0"
}
